// !$*UTF8*$!
{
	archiveVersion = 1;
	classes = {
	};
	objectVersion = 46;
	objects = {

/* Begin PBXBuildFile section */
		B6E2CE941933E5670077AF80 /* Cocoa.framework in Frameworks */ = {isa = PBXBuildFile; fileRef = B6E2CE931933E5670077AF80 /* Cocoa.framework */; };
		B6E2CE9E1933E5670077AF80 /* InfoPlist.strings in Resources */ = {isa = PBXBuildFile; fileRef = B6E2CE9C1933E5670077AF80 /* InfoPlist.strings */; };
		B6E2CEA91933E5670077AF80 /* XCTest.framework in Frameworks */ = {isa = PBXBuildFile; fileRef = B6E2CEA81933E5670077AF80 /* XCTest.framework */; };
		B6E2CEAA1933E5670077AF80 /* Cocoa.framework in Frameworks */ = {isa = PBXBuildFile; fileRef = B6E2CE931933E5670077AF80 /* Cocoa.framework */; };
		B6E2CEAD1933E5670077AF80 /* SDLObjc.framework in Frameworks */ = {isa = PBXBuildFile; fileRef = B6E2CE901933E5670077AF80 /* SDLObjc.framework */; };
		B6E2CEB31933E5670077AF80 /* InfoPlist.strings in Resources */ = {isa = PBXBuildFile; fileRef = B6E2CEB11933E5670077AF80 /* InfoPlist.strings */; };
		B6E2CEB51933E5670077AF80 /* SDLObjcTests.m in Sources */ = {isa = PBXBuildFile; fileRef = B6E2CEB41933E5670077AF80 /* SDLObjcTests.m */; };
		B6E2CEC01933F15C0077AF80 /* JumWindow.h in Headers */ = {isa = PBXBuildFile; fileRef = B6E2CEBE1933F15C0077AF80 /* JumWindow.h */; settings = {ATTRIBUTES = (Public, ); }; };
		B6E2CEC11933F15C0077AF80 /* JumWindow.m in Sources */ = {isa = PBXBuildFile; fileRef = B6E2CEBF1933F15C0077AF80 /* JumWindow.m */; };
		B6E2CEC31933F18E0077AF80 /* SDL2.framework in Frameworks */ = {isa = PBXBuildFile; fileRef = B6E2CEC21933F18E0077AF80 /* SDL2.framework */; };
		B6E2CEC61933F30B0077AF80 /* JumRenderer.h in Headers */ = {isa = PBXBuildFile; fileRef = B6E2CEC41933F30B0077AF80 /* JumRenderer.h */; settings = {ATTRIBUTES = (Public, ); }; };
		B6E2CEC71933F30B0077AF80 /* JumRenderer.m in Sources */ = {isa = PBXBuildFile; fileRef = B6E2CEC51933F30B0077AF80 /* JumRenderer.m */; };
		B6E2CECA1934028E0077AF80 /* JumSurface.h in Headers */ = {isa = PBXBuildFile; fileRef = B6E2CEC81934028E0077AF80 /* JumSurface.h */; settings = {ATTRIBUTES = (Public, ); }; };
		B6E2CECB1934028E0077AF80 /* JumSurface.m in Sources */ = {isa = PBXBuildFile; fileRef = B6E2CEC91934028E0077AF80 /* JumSurface.m */; };
		B6E2CEF719340E340077AF80 /* JumTexture.h in Headers */ = {isa = PBXBuildFile; fileRef = B6E2CEF519340E340077AF80 /* JumTexture.h */; settings = {ATTRIBUTES = (Public, ); }; };
		B6E2CEF819340E340077AF80 /* JumTexture.m in Sources */ = {isa = PBXBuildFile; fileRef = B6E2CEF619340E340077AF80 /* JumTexture.m */; };
		B6E2CEF919341E220077AF80 /* SDLObjc.h in Headers */ = {isa = PBXBuildFile; fileRef = B6E2CEA01933E5670077AF80 /* SDLObjc.h */; settings = {ATTRIBUTES = (Public, ); }; };
/* End PBXBuildFile section */

/* Begin PBXContainerItemProxy section */
		B6E2CEAB1933E5670077AF80 /* PBXContainerItemProxy */ = {
			isa = PBXContainerItemProxy;
			containerPortal = B6E2CE871933E5670077AF80 /* Project object */;
			proxyType = 1;
			remoteGlobalIDString = B6E2CE8F1933E5670077AF80;
			remoteInfo = SDLObjc;
		};
/* End PBXContainerItemProxy section */

/* Begin PBXFileReference section */
		B6E2CE901933E5670077AF80 /* SDLObjc.framework */ = {isa = PBXFileReference; explicitFileType = wrapper.framework; includeInIndex = 0; path = SDLObjc.framework; sourceTree = BUILT_PRODUCTS_DIR; };
		B6E2CE931933E5670077AF80 /* Cocoa.framework */ = {isa = PBXFileReference; lastKnownFileType = wrapper.framework; name = Cocoa.framework; path = System/Library/Frameworks/Cocoa.framework; sourceTree = SDKROOT; };
		B6E2CE961933E5670077AF80 /* Foundation.framework */ = {isa = PBXFileReference; lastKnownFileType = wrapper.framework; name = Foundation.framework; path = System/Library/Frameworks/Foundation.framework; sourceTree = SDKROOT; };
		B6E2CE971933E5670077AF80 /* CoreData.framework */ = {isa = PBXFileReference; lastKnownFileType = wrapper.framework; name = CoreData.framework; path = System/Library/Frameworks/CoreData.framework; sourceTree = SDKROOT; };
		B6E2CE981933E5670077AF80 /* AppKit.framework */ = {isa = PBXFileReference; lastKnownFileType = wrapper.framework; name = AppKit.framework; path = System/Library/Frameworks/AppKit.framework; sourceTree = SDKROOT; };
		B6E2CE9B1933E5670077AF80 /* SDLObjc-Info.plist */ = {isa = PBXFileReference; lastKnownFileType = text.plist.xml; path = "SDLObjc-Info.plist"; sourceTree = "<group>"; };
		B6E2CE9D1933E5670077AF80 /* en */ = {isa = PBXFileReference; lastKnownFileType = text.plist.strings; name = en; path = en.lproj/InfoPlist.strings; sourceTree = "<group>"; };
		B6E2CE9F1933E5670077AF80 /* SDLObjc-Prefix.pch */ = {isa = PBXFileReference; lastKnownFileType = sourcecode.c.h; path = "SDLObjc-Prefix.pch"; sourceTree = "<group>"; };
		B6E2CEA01933E5670077AF80 /* SDLObjc.h */ = {isa = PBXFileReference; lastKnownFileType = sourcecode.c.h; path = SDLObjc.h; sourceTree = "<group>"; };
		B6E2CEA71933E5670077AF80 /* SDLObjcTests.xctest */ = {isa = PBXFileReference; explicitFileType = wrapper.cfbundle; includeInIndex = 0; path = SDLObjcTests.xctest; sourceTree = BUILT_PRODUCTS_DIR; };
		B6E2CEA81933E5670077AF80 /* XCTest.framework */ = {isa = PBXFileReference; lastKnownFileType = wrapper.framework; name = XCTest.framework; path = Library/Frameworks/XCTest.framework; sourceTree = DEVELOPER_DIR; };
		B6E2CEB01933E5670077AF80 /* SDLObjcTests-Info.plist */ = {isa = PBXFileReference; lastKnownFileType = text.plist.xml; path = "SDLObjcTests-Info.plist"; sourceTree = "<group>"; };
		B6E2CEB21933E5670077AF80 /* en */ = {isa = PBXFileReference; lastKnownFileType = text.plist.strings; name = en; path = en.lproj/InfoPlist.strings; sourceTree = "<group>"; };
		B6E2CEB41933E5670077AF80 /* SDLObjcTests.m */ = {isa = PBXFileReference; lastKnownFileType = sourcecode.c.objc; path = SDLObjcTests.m; sourceTree = "<group>"; };
		B6E2CEBE1933F15C0077AF80 /* JumWindow.h */ = {isa = PBXFileReference; fileEncoding = 4; lastKnownFileType = sourcecode.c.h; name = JumWindow.h; path = ../JumWindow.h; sourceTree = "<group>"; };
		B6E2CEBF1933F15C0077AF80 /* JumWindow.m */ = {isa = PBXFileReference; fileEncoding = 4; lastKnownFileType = sourcecode.c.objc; name = JumWindow.m; path = ../JumWindow.m; sourceTree = "<group>"; };
		B6E2CEC21933F18E0077AF80 /* SDL2.framework */ = {isa = PBXFileReference; lastKnownFileType = wrapper.framework; name = SDL2.framework; path = /Library/Frameworks/SDL2.framework; sourceTree = "<absolute>"; };
		B6E2CEC41933F30B0077AF80 /* JumRenderer.h */ = {isa = PBXFileReference; fileEncoding = 4; lastKnownFileType = sourcecode.c.h; name = JumRenderer.h; path = ../JumRenderer.h; sourceTree = "<group>"; };
		B6E2CEC51933F30B0077AF80 /* JumRenderer.m */ = {isa = PBXFileReference; fileEncoding = 4; lastKnownFileType = sourcecode.c.objc; name = JumRenderer.m; path = ../JumRenderer.m; sourceTree = "<group>"; };
		B6E2CEC81934028E0077AF80 /* JumSurface.h */ = {isa = PBXFileReference; fileEncoding = 4; lastKnownFileType = sourcecode.c.h; name = JumSurface.h; path = ../JumSurface.h; sourceTree = "<group>"; };
		B6E2CEC91934028E0077AF80 /* JumSurface.m */ = {isa = PBXFileReference; fileEncoding = 4; lastKnownFileType = sourcecode.c.objc; name = JumSurface.m; path = ../JumSurface.m; sourceTree = "<group>"; };
		B6E2CEF519340E340077AF80 /* JumTexture.h */ = {isa = PBXFileReference; fileEncoding = 4; lastKnownFileType = sourcecode.c.h; path = JumTexture.h; sourceTree = "<group>"; };
		B6E2CEF619340E340077AF80 /* JumTexture.m */ = {isa = PBXFileReference; fileEncoding = 4; lastKnownFileType = sourcecode.c.objc; path = JumTexture.m; sourceTree = "<group>"; };
/* End PBXFileReference section */

/* Begin PBXFrameworksBuildPhase section */
		B6E2CE8C1933E5670077AF80 /* Frameworks */ = {
			isa = PBXFrameworksBuildPhase;
			buildActionMask = 2147483647;
			files = (
				B6E2CE941933E5670077AF80 /* Cocoa.framework in Frameworks */,
				B6E2CEC31933F18E0077AF80 /* SDL2.framework in Frameworks */,
			);
			runOnlyForDeploymentPostprocessing = 0;
		};
		B6E2CEA41933E5670077AF80 /* Frameworks */ = {
			isa = PBXFrameworksBuildPhase;
			buildActionMask = 2147483647;
			files = (
				B6E2CEAA1933E5670077AF80 /* Cocoa.framework in Frameworks */,
				B6E2CEA91933E5670077AF80 /* XCTest.framework in Frameworks */,
				B6E2CEAD1933E5670077AF80 /* SDLObjc.framework in Frameworks */,
			);
			runOnlyForDeploymentPostprocessing = 0;
		};
/* End PBXFrameworksBuildPhase section */

/* Begin PBXGroup section */
		B6E2CE861933E5670077AF80 = {
			isa = PBXGroup;
			children = (
				B6E2CE991933E5670077AF80 /* SDLObjc */,
				B6E2CEAE1933E5670077AF80 /* SDLObjcTests */,
				B6E2CE921933E5670077AF80 /* Frameworks */,
				B6E2CE911933E5670077AF80 /* Products */,
			);
			sourceTree = "<group>";
		};
		B6E2CE911933E5670077AF80 /* Products */ = {
			isa = PBXGroup;
			children = (
				B6E2CE901933E5670077AF80 /* SDLObjc.framework */,
				B6E2CEA71933E5670077AF80 /* SDLObjcTests.xctest */,
			);
			name = Products;
			sourceTree = "<group>";
		};
		B6E2CE921933E5670077AF80 /* Frameworks */ = {
			isa = PBXGroup;
			children = (
				B6E2CEC21933F18E0077AF80 /* SDL2.framework */,
				B6E2CE931933E5670077AF80 /* Cocoa.framework */,
				B6E2CEA81933E5670077AF80 /* XCTest.framework */,
				B6E2CE951933E5670077AF80 /* Other Frameworks */,
			);
			name = Frameworks;
			sourceTree = "<group>";
		};
		B6E2CE951933E5670077AF80 /* Other Frameworks */ = {
			isa = PBXGroup;
			children = (
				B6E2CE961933E5670077AF80 /* Foundation.framework */,
				B6E2CE971933E5670077AF80 /* CoreData.framework */,
				B6E2CE981933E5670077AF80 /* AppKit.framework */,
			);
			name = "Other Frameworks";
			sourceTree = "<group>";
		};
		B6E2CE991933E5670077AF80 /* SDLObjc */ = {
			isa = PBXGroup;
			children = (
				B6E2CEBE1933F15C0077AF80 /* JumWindow.h */,
				B6E2CEBF1933F15C0077AF80 /* JumWindow.m */,
				B6E2CEC41933F30B0077AF80 /* JumRenderer.h */,
				B6E2CEC51933F30B0077AF80 /* JumRenderer.m */,
				B6E2CEF519340E340077AF80 /* JumTexture.h */,
				B6E2CEF619340E340077AF80 /* JumTexture.m */,
				B6E2CEC81934028E0077AF80 /* JumSurface.h */,
				B6E2CEC91934028E0077AF80 /* JumSurface.m */,
				B6E2CEA01933E5670077AF80 /* SDLObjc.h */,
				B6E2CE9A1933E5670077AF80 /* Supporting Files */,
			);
			path = SDLObjc;
			sourceTree = "<group>";
		};
		B6E2CE9A1933E5670077AF80 /* Supporting Files */ = {
			isa = PBXGroup;
			children = (
				B6E2CE9B1933E5670077AF80 /* SDLObjc-Info.plist */,
				B6E2CE9C1933E5670077AF80 /* InfoPlist.strings */,
				B6E2CE9F1933E5670077AF80 /* SDLObjc-Prefix.pch */,
			);
			name = "Supporting Files";
			sourceTree = "<group>";
		};
		B6E2CEAE1933E5670077AF80 /* SDLObjcTests */ = {
			isa = PBXGroup;
			children = (
				B6E2CEB41933E5670077AF80 /* SDLObjcTests.m */,
				B6E2CEAF1933E5670077AF80 /* Supporting Files */,
			);
			path = SDLObjcTests;
			sourceTree = "<group>";
		};
		B6E2CEAF1933E5670077AF80 /* Supporting Files */ = {
			isa = PBXGroup;
			children = (
				B6E2CEB01933E5670077AF80 /* SDLObjcTests-Info.plist */,
				B6E2CEB11933E5670077AF80 /* InfoPlist.strings */,
			);
			name = "Supporting Files";
			sourceTree = "<group>";
		};
/* End PBXGroup section */

/* Begin PBXHeadersBuildPhase section */
		B6E2CE8D1933E5670077AF80 /* Headers */ = {
			isa = PBXHeadersBuildPhase;
			buildActionMask = 2147483647;
			files = (
				B6E2CEC01933F15C0077AF80 /* JumWindow.h in Headers */,
				B6E2CEC61933F30B0077AF80 /* JumRenderer.h in Headers */,
				B6E2CEF719340E340077AF80 /* JumTexture.h in Headers */,
				B6E2CECA1934028E0077AF80 /* JumSurface.h in Headers */,
				B6E2CEF919341E220077AF80 /* SDLObjc.h in Headers */,
			);
			runOnlyForDeploymentPostprocessing = 0;
		};
/* End PBXHeadersBuildPhase section */

/* Begin PBXNativeTarget section */
		B6E2CE8F1933E5670077AF80 /* SDLObjc */ = {
			isa = PBXNativeTarget;
			buildConfigurationList = B6E2CEB81933E5670077AF80 /* Build configuration list for PBXNativeTarget "SDLObjc" */;
			buildPhases = (
				B6E2CE8B1933E5670077AF80 /* Sources */,
				B6E2CE8C1933E5670077AF80 /* Frameworks */,
				B6E2CE8D1933E5670077AF80 /* Headers */,
				B6E2CE8E1933E5670077AF80 /* Resources */,
				B6E2CEFA19341F340077AF80 /* Run Script */,
			);
			buildRules = (
			);
			dependencies = (
			);
			name = SDLObjc;
			productName = SDLObjc;
			productReference = B6E2CE901933E5670077AF80 /* SDLObjc.framework */;
			productType = "com.apple.product-type.framework";
		};
		B6E2CEA61933E5670077AF80 /* SDLObjcTests */ = {
			isa = PBXNativeTarget;
			buildConfigurationList = B6E2CEBB1933E5670077AF80 /* Build configuration list for PBXNativeTarget "SDLObjcTests" */;
			buildPhases = (
				B6E2CEA31933E5670077AF80 /* Sources */,
				B6E2CEA41933E5670077AF80 /* Frameworks */,
				B6E2CEA51933E5670077AF80 /* Resources */,
			);
			buildRules = (
			);
			dependencies = (
				B6E2CEAC1933E5670077AF80 /* PBXTargetDependency */,
			);
			name = SDLObjcTests;
			productName = SDLObjcTests;
			productReference = B6E2CEA71933E5670077AF80 /* SDLObjcTests.xctest */;
			productType = "com.apple.product-type.bundle.unit-test";
		};
/* End PBXNativeTarget section */

/* Begin PBXProject section */
		B6E2CE871933E5670077AF80 /* Project object */ = {
			isa = PBXProject;
			attributes = {
				LastUpgradeCheck = 0510;
				ORGANIZATIONNAME = Jumhyn;
				TargetAttributes = {
					B6E2CEA61933E5670077AF80 = {
						TestTargetID = B6E2CE8F1933E5670077AF80;
					};
				};
			};
			buildConfigurationList = B6E2CE8A1933E5670077AF80 /* Build configuration list for PBXProject "SDLObjc" */;
			compatibilityVersion = "Xcode 3.2";
			developmentRegion = English;
			hasScannedForEncodings = 0;
			knownRegions = (
				en,
			);
			mainGroup = B6E2CE861933E5670077AF80;
			productRefGroup = B6E2CE911933E5670077AF80 /* Products */;
			projectDirPath = "";
			projectRoot = "";
			targets = (
				B6E2CE8F1933E5670077AF80 /* SDLObjc */,
				B6E2CEA61933E5670077AF80 /* SDLObjcTests */,
			);
		};
/* End PBXProject section */

/* Begin PBXResourcesBuildPhase section */
		B6E2CE8E1933E5670077AF80 /* Resources */ = {
			isa = PBXResourcesBuildPhase;
			buildActionMask = 2147483647;
			files = (
				B6E2CE9E1933E5670077AF80 /* InfoPlist.strings in Resources */,
			);
			runOnlyForDeploymentPostprocessing = 0;
		};
		B6E2CEA51933E5670077AF80 /* Resources */ = {
			isa = PBXResourcesBuildPhase;
			buildActionMask = 2147483647;
			files = (
				B6E2CEB31933E5670077AF80 /* InfoPlist.strings in Resources */,
			);
			runOnlyForDeploymentPostprocessing = 0;
		};
/* End PBXResourcesBuildPhase section */

/* Begin PBXShellScriptBuildPhase section */
		B6E2CEFA19341F340077AF80 /* Run Script */ = {
			isa = PBXShellScriptBuildPhase;
			buildActionMask = 2147483647;
			files = (
			);
			inputPaths = (
			);
			name = "Run Script";
			outputPaths = (
			);
			runOnlyForDeploymentPostprocessing = 0;
			shellPath = /bin/sh;
			shellScript = "pwd\ncp -r /Users/freddy/Library/Developer/Xcode/DerivedData/SDLObjc-dijwfuwsbwkqlgenyadnxbekquhj/Build/Products/Release/SDLObjc.framework /Library/Frameworks";
		};
/* End PBXShellScriptBuildPhase section */

/* Begin PBXSourcesBuildPhase section */
		B6E2CE8B1933E5670077AF80 /* Sources */ = {
			isa = PBXSourcesBuildPhase;
			buildActionMask = 2147483647;
			files = (
				B6E2CEC71933F30B0077AF80 /* JumRenderer.m in Sources */,
				B6E2CEC11933F15C0077AF80 /* JumWindow.m in Sources */,
				B6E2CECB1934028E0077AF80 /* JumSurface.m in Sources */,
				B6E2CEF819340E340077AF80 /* JumTexture.m in Sources */,
			);
			runOnlyForDeploymentPostprocessing = 0;
		};
		B6E2CEA31933E5670077AF80 /* Sources */ = {
			isa = PBXSourcesBuildPhase;
			buildActionMask = 2147483647;
			files = (
				B6E2CEB51933E5670077AF80 /* SDLObjcTests.m in Sources */,
			);
			runOnlyForDeploymentPostprocessing = 0;
		};
/* End PBXSourcesBuildPhase section */

/* Begin PBXTargetDependency section */
		B6E2CEAC1933E5670077AF80 /* PBXTargetDependency */ = {
			isa = PBXTargetDependency;
			target = B6E2CE8F1933E5670077AF80 /* SDLObjc */;
			targetProxy = B6E2CEAB1933E5670077AF80 /* PBXContainerItemProxy */;
		};
/* End PBXTargetDependency section */

/* Begin PBXVariantGroup section */
		B6E2CE9C1933E5670077AF80 /* InfoPlist.strings */ = {
			isa = PBXVariantGroup;
			children = (
				B6E2CE9D1933E5670077AF80 /* en */,
			);
			name = InfoPlist.strings;
			sourceTree = "<group>";
		};
		B6E2CEB11933E5670077AF80 /* InfoPlist.strings */ = {
			isa = PBXVariantGroup;
			children = (
				B6E2CEB21933E5670077AF80 /* en */,
			);
			name = InfoPlist.strings;
			sourceTree = "<group>";
		};
/* End PBXVariantGroup section */

/* Begin XCBuildConfiguration section */
		B6E2CEB61933E5670077AF80 /* Debug */ = {
			isa = XCBuildConfiguration;
			buildSettings = {
				ALWAYS_SEARCH_USER_PATHS = NO;
				CLANG_CXX_LANGUAGE_STANDARD = "gnu++0x";
				CLANG_CXX_LIBRARY = "libc++";
				CLANG_ENABLE_MODULES = YES;
				CLANG_ENABLE_OBJC_ARC = YES;
				CLANG_WARN_BOOL_CONVERSION = YES;
				CLANG_WARN_CONSTANT_CONVERSION = YES;
				CLANG_WARN_DIRECT_OBJC_ISA_USAGE = YES_ERROR;
				CLANG_WARN_EMPTY_BODY = YES;
				CLANG_WARN_ENUM_CONVERSION = YES;
				CLANG_WARN_INT_CONVERSION = YES;
				CLANG_WARN_OBJC_ROOT_CLASS = YES_ERROR;
				CLANG_WARN__DUPLICATE_METHOD_MATCH = YES;
				COPY_PHASE_STRIP = NO;
				GCC_C_LANGUAGE_STANDARD = gnu99;
				GCC_DYNAMIC_NO_PIC = NO;
				GCC_ENABLE_OBJC_EXCEPTIONS = YES;
				GCC_OPTIMIZATION_LEVEL = 0;
				GCC_PREPROCESSOR_DEFINITIONS = (
					"DEBUG=1",
					"$(inherited)",
				);
				GCC_SYMBOLS_PRIVATE_EXTERN = NO;
				GCC_WARN_64_TO_32_BIT_CONVERSION = YES;
				GCC_WARN_ABOUT_RETURN_TYPE = YES_ERROR;
				GCC_WARN_UNDECLARED_SELECTOR = YES;
				GCC_WARN_UNINITIALIZED_AUTOS = YES_AGGRESSIVE;
				GCC_WARN_UNUSED_FUNCTION = YES;
				GCC_WARN_UNUSED_VARIABLE = YES;
				MACOSX_DEPLOYMENT_TARGET = 10.9;
				ONLY_ACTIVE_ARCH = YES;
				SDKROOT = macosx;
			};
			name = Debug;
		};
		B6E2CEB71933E5670077AF80 /* Release */ = {
			isa = XCBuildConfiguration;
			buildSettings = {
				ALWAYS_SEARCH_USER_PATHS = NO;
				CLANG_CXX_LANGUAGE_STANDARD = "gnu++0x";
				CLANG_CXX_LIBRARY = "libc++";
				CLANG_ENABLE_MODULES = YES;
				CLANG_ENABLE_OBJC_ARC = YES;
				CLANG_WARN_BOOL_CONVERSION = YES;
				CLANG_WARN_CONSTANT_CONVERSION = YES;
				CLANG_WARN_DIRECT_OBJC_ISA_USAGE = YES_ERROR;
				CLANG_WARN_EMPTY_BODY = YES;
				CLANG_WARN_ENUM_CONVERSION = YES;
				CLANG_WARN_INT_CONVERSION = YES;
				CLANG_WARN_OBJC_ROOT_CLASS = YES_ERROR;
				CLANG_WARN__DUPLICATE_METHOD_MATCH = YES;
				COPY_PHASE_STRIP = YES;
				DEBUG_INFORMATION_FORMAT = "dwarf-with-dsym";
				ENABLE_NS_ASSERTIONS = NO;
				GCC_C_LANGUAGE_STANDARD = gnu99;
				GCC_ENABLE_OBJC_EXCEPTIONS = YES;
				GCC_WARN_64_TO_32_BIT_CONVERSION = YES;
				GCC_WARN_ABOUT_RETURN_TYPE = YES_ERROR;
				GCC_WARN_UNDECLARED_SELECTOR = YES;
				GCC_WARN_UNINITIALIZED_AUTOS = YES_AGGRESSIVE;
				GCC_WARN_UNUSED_FUNCTION = YES;
				GCC_WARN_UNUSED_VARIABLE = YES;
				MACOSX_DEPLOYMENT_TARGET = 10.9;
				SDKROOT = macosx;
			};
			name = Release;
		};
		B6E2CEB91933E5670077AF80 /* Debug */ = {
			isa = XCBuildConfiguration;
			buildSettings = {
				COMBINE_HIDPI_IMAGES = YES;
				DYLIB_COMPATIBILITY_VERSION = 1;
				DYLIB_CURRENT_VERSION = 1;
				FRAMEWORK_SEARCH_PATHS = (
					"$(inherited)",
					"$(LOCAL_LIBRARY_DIR)/Frameworks",
				);
				FRAMEWORK_VERSION = A;
				GCC_PRECOMPILE_PREFIX_HEADER = YES;
				GCC_PREFIX_HEADER = "SDLObjc/SDLObjc-Prefix.pch";
				INFOPLIST_FILE = "SDLObjc/SDLObjc-Info.plist";
				PRODUCT_NAME = "$(TARGET_NAME)";
				WRAPPER_EXTENSION = framework;
			};
			name = Debug;
		};
		B6E2CEBA1933E5670077AF80 /* Release */ = {
			isa = XCBuildConfiguration;
			buildSettings = {
				COMBINE_HIDPI_IMAGES = YES;
				DYLIB_COMPATIBILITY_VERSION = 1;
				DYLIB_CURRENT_VERSION = 1;
				FRAMEWORK_SEARCH_PATHS = (
					"$(inherited)",
					"$(LOCAL_LIBRARY_DIR)/Frameworks",
				);
				FRAMEWORK_VERSION = A;
				GCC_PRECOMPILE_PREFIX_HEADER = YES;
				GCC_PREFIX_HEADER = "SDLObjc/SDLObjc-Prefix.pch";
				INFOPLIST_FILE = "SDLObjc/SDLObjc-Info.plist";
				PRODUCT_NAME = "$(TARGET_NAME)";
				WRAPPER_EXTENSION = framework;
			};
			name = Release;
		};
		B6E2CEBC1933E5670077AF80 /* Debug */ = {
			isa = XCBuildConfiguration;
			buildSettings = {
				BUNDLE_LOADER = "$(BUILT_PRODUCTS_DIR)/SDLObjc.framework/Versions/A/SDLObjc";
				COMBINE_HIDPI_IMAGES = YES;
				FRAMEWORK_SEARCH_PATHS = (
					"$(DEVELOPER_FRAMEWORKS_DIR)",
					"$(inherited)",
				);
				GCC_PRECOMPILE_PREFIX_HEADER = YES;
				GCC_PREFIX_HEADER = "SDLObjc/SDLObjc-Prefix.pch";
				GCC_PREPROCESSOR_DEFINITIONS = (
					"DEBUG=1",
					"$(inherited)",
				);
				INFOPLIST_FILE = "SDLObjcTests/SDLObjcTests-Info.plist";
				PRODUCT_NAME = "$(TARGET_NAME)";
				TEST_HOST = "$(BUNDLE_LOADER)";
				WRAPPER_EXTENSION = xctest;
			};
			name = Debug;
		};
		B6E2CEBD1933E5670077AF80 /* Release */ = {
			isa = XCBuildConfiguration;
			buildSettings = {
				BUNDLE_LOADER = "$(BUILT_PRODUCTS_DIR)/SDLObjc.framework/Versions/A/SDLObjc";
				COMBINE_HIDPI_IMAGES = YES;
				FRAMEWORK_SEARCH_PATHS = (
					"$(DEVELOPER_FRAMEWORKS_DIR)",
					"$(inherited)",
				);
				GCC_PRECOMPILE_PREFIX_HEADER = YES;
				GCC_PREFIX_HEADER = "SDLObjc/SDLObjc-Prefix.pch";
				INFOPLIST_FILE = "SDLObjcTests/SDLObjcTests-Info.plist";
				PRODUCT_NAME = "$(TARGET_NAME)";
				TEST_HOST = "$(BUNDLE_LOADER)";
				WRAPPER_EXTENSION = xctest;
			};
			name = Release;
		};
/* End XCBuildConfiguration section */

/* Begin XCConfigurationList section */
		B6E2CE8A1933E5670077AF80 /* Build configuration list for PBXProject "SDLObjc" */ = {
			isa = XCConfigurationList;
			buildConfigurations = (
				B6E2CEB61933E5670077AF80 /* Debug */,
				B6E2CEB71933E5670077AF80 /* Release */,
			);
			defaultConfigurationIsVisible = 0;
			defaultConfigurationName = Release;
		};
		B6E2CEB81933E5670077AF80 /* Build configuration list for PBXNativeTarget "SDLObjc" */ = {
			isa = XCConfigurationList;
			buildConfigurations = (
				B6E2CEB91933E5670077AF80 /* Debug */,
				B6E2CEBA1933E5670077AF80 /* Release */,
			);
			defaultConfigurationIsVisible = 0;
		};
		B6E2CEBB1933E5670077AF80 /* Build configuration list for PBXNativeTarget "SDLObjcTests" */ = {
			isa = XCConfigurationList;
			buildConfigurations = (
				B6E2CEBC1933E5670077AF80 /* Debug */,
				B6E2CEBD1933E5670077AF80 /* Release */,
			);
			defaultConfigurationIsVisible = 0;
		};
/* End XCConfigurationList section */
	};
	rootObject = B6E2CE871933E5670077AF80 /* Project object */;
}
